
Microsoft Visual Studio Solution File, Format Version 12.00
# Visual Studio Version 16
VisualStudioVersion = 16.0.31624.102
MinimumVisualStudioVersion = 10.0.40219.1
Project("{8BC9CEB8-8B4A-11D0-8D11-00A0C91BC942}") = "lab1-1", "lab1-1\lab1-1.vcxproj", "{7AADF31F-45A4-420D-B6F1-D1CEF8AB7852}"
EndProject
Project("{8BC9CEB8-8B4A-11D0-8D11-00A0C91BC942}") = "lab1-2", "lab1-2\lab1-2.vcxproj", "{7F7AF4F5-F5A2-4442-A13F-56D2F000D54A}"
EndProject
Project("{8BC9CEB8-8B4A-11D0-8D11-00A0C91BC942}") = "lab1-3", "lab1-3\lab1-3.vcxproj", "{DB872282-8161-425D-B345-A003CEFF7EF1}"
EndProject
Project("{8BC9CEB8-8B4A-11D0-8D11-00A0C91BC942}") = "lab1-4", "lab1-4\lab1-4.vcxproj", "{8226B799-98B8-41D7-B349-13A1254C11B7}"
EndProject
Project("{8BC9CEB8-8B4A-11D0-8D11-00A0C91BC942}") = "lab1-5", "lab1-5\lab1-5.vcxproj", "{04E50AB1-26CC-46C2-93E7-D173B738698D}"
EndProject
Project("{8BC9CEB8-8B4A-11D0-8D11-00A0C91BC942}") = "lab1-6", "lab1-6\lab1-6.vcxproj", "{CFD5AD2C-3C0B-450F-AC1D-83A8B39BCFAF}"
EndProject
Global
	GlobalSection(SolutionConfigurationPlatforms) = preSolution
		Debug|x64 = Debug|x64
		Debug|x86 = Debug|x86
		Release|x64 = Release|x64
		Release|x86 = Release|x86
	EndGlobalSection
	GlobalSection(ProjectConfigurationPlatforms) = postSolution
		{7AADF31F-45A4-420D-B6F1-D1CEF8AB7852}.Debug|x64.ActiveCfg = Debug|x64
		{7AADF31F-45A4-420D-B6F1-D1CEF8AB7852}.Debug|x64.Build.0 = Debug|x64
		{7AADF31F-45A4-420D-B6F1-D1CEF8AB7852}.Debug|x86.ActiveCfg = Debug|Win32
		{7AADF31F-45A4-420D-B6F1-D1CEF8AB7852}.Debug|x86.Build.0 = Debug|Win32
		{7AADF31F-45A4-420D-B6F1-D1CEF8AB7852}.Release|x64.ActiveCfg = Release|x64
		{7AADF31F-45A4-420D-B6F1-D1CEF8AB7852}.Release|x64.Build.0 = Release|x64
		{7AADF31F-45A4-420D-B6F1-D1CEF8AB7852}.Release|x86.ActiveCfg = Release|Win32
		{7AADF31F-45A4-420D-B6F1-D1CEF8AB7852}.Release|x86.Build.0 = Release|Win32
		{7F7AF4F5-F5A2-4442-A13F-56D2F000D54A}.Debug|x64.ActiveCfg = Debug|x64
		{7F7AF4F5-F5A2-4442-A13F-56D2F000D54A}.Debug|x64.Build.0 = Debug|x64
		{7F7AF4F5-F5A2-4442-A13F-56D2F000D54A}.Debug|x86.ActiveCfg = Debug|Win32
		{7F7AF4F5-F5A2-4442-A13F-56D2F000D54A}.Debug|x86.Build.0 = Debug|Win32
		{7F7AF4F5-F5A2-4442-A13F-56D2F000D54A}.Release|x64.ActiveCfg = Release|x64
		{7F7AF4F5-F5A2-4442-A13F-56D2F000D54A}.Release|x64.Build.0 = Release|x64
		{7F7AF4F5-F5A2-4442-A13F-56D2F000D54A}.Release|x86.ActiveCfg = Release|Win32
		{7F7AF4F5-F5A2-4442-A13F-56D2F000D54A}.Release|x86.Build.0 = Release|Win32
		{DB872282-8161-425D-B345-A003CEFF7EF1}.Debug|x64.ActiveCfg = Debug|x64
		{DB872282-8161-425D-B345-A003CEFF7EF1}.Debug|x64.Build.0 = Debug|x64
		{DB872282-8161-425D-B345-A003CEFF7EF1}.Debug|x86.ActiveCfg = Debug|Win32
		{DB872282-8161-425D-B345-A003CEFF7EF1}.Debug|x86.Build.0 = Debug|Win32
		{DB872282-8161-425D-B345-A003CEFF7EF1}.Release|x64.ActiveCfg = Release|x64
		{DB872282-8161-425D-B345-A003CEFF7EF1}.Release|x64.Build.0 = Release|x64
		{DB872282-8161-425D-B345-A003CEFF7EF1}.Release|x86.ActiveCfg = Release|Win32
		{DB872282-8161-425D-B345-A003CEFF7EF1}.Release|x86.Build.0 = Release|Win32
		{8226B799-98B8-41D7-B349-13A1254C11B7}.Debug|x64.ActiveCfg = Debug|x64
		{8226B799-98B8-41D7-B349-13A1254C11B7}.Debug|x64.Build.0 = Debug|x64
		{8226B799-98B8-41D7-B349-13A1254C11B7}.Debug|x86.ActiveCfg = Debug|Win32
		{8226B799-98B8-41D7-B349-13A1254C11B7}.Debug|x86.Build.0 = Debug|Win32
		{8226B799-98B8-41D7-B349-13A1254C11B7}.Release|x64.ActiveCfg = Release|x64
		{8226B799-98B8-41D7-B349-13A1254C11B7}.Release|x64.Build.0 = Release|x64
		{8226B799-98B8-41D7-B349-13A1254C11B7}.Release|x86.ActiveCfg = Release|Win32
		{8226B799-98B8-41D7-B349-13A1254C11B7}.Release|x86.Build.0 = Release|Win32
		{04E50AB1-26CC-46C2-93E7-D173B738698D}.Debug|x64.ActiveCfg = Debug|x64
		{04E50AB1-26CC-46C2-93E7-D173B738698D}.Debug|x64.Build.0 = Debug|x64
		{04E50AB1-26CC-46C2-93E7-D173B738698D}.Debug|x86.ActiveCfg = Debug|Win32
		{04E50AB1-26CC-46C2-93E7-D173B738698D}.Debug|x86.Build.0 = Debug|Win32
		{04E50AB1-26CC-46C2-93E7-D173B738698D}.Release|x64.ActiveCfg = Release|x64
		{04E50AB1-26CC-46C2-93E7-D173B738698D}.Release|x64.Build.0 = Release|x64
		{04E50AB1-26CC-46C2-93E7-D173B738698D}.Release|x86.ActiveCfg = Release|Win32
		{04E50AB1-26CC-46C2-93E7-D173B738698D}.Release|x86.Build.0 = Release|Win32
		{CFD5AD2C-3C0B-450F-AC1D-83A8B39BCFAF}.Debug|x64.ActiveCfg = Debug|x64
		{CFD5AD2C-3C0B-450F-AC1D-83A8B39BCFAF}.Debug|x64.Build.0 = Debug|x64
		{CFD5AD2C-3C0B-450F-AC1D-83A8B39BCFAF}.Debug|x86.ActiveCfg = Debug|Win32
		{CFD5AD2C-3C0B-450F-AC1D-83A8B39BCFAF}.Debug|x86.Build.0 = Debug|Win32
		{CFD5AD2C-3C0B-450F-AC1D-83A8B39BCFAF}.Release|x64.ActiveCfg = Release|x64
		{CFD5AD2C-3C0B-450F-AC1D-83A8B39BCFAF}.Release|x64.Build.0 = Release|x64
		{CFD5AD2C-3C0B-450F-AC1D-83A8B39BCFAF}.Release|x86.ActiveCfg = Release|Win32
		{CFD5AD2C-3C0B-450F-AC1D-83A8B39BCFAF}.Release|x86.Build.0 = Release|Win32
	EndGlobalSection
	GlobalSection(SolutionProperties) = preSolution
		HideSolutionNode = FALSE
	EndGlobalSection
	GlobalSection(ExtensibilityGlobals) = postSolution
		SolutionGuid = {2BE0C4D7-BB34-4140-A106-F9C69F8AC088}
	EndGlobalSection
EndGlobal
