
Microsoft Visual Studio Solution File, Format Version 12.00
# Visual Studio Version 16
VisualStudioVersion = 16.0.31624.102
MinimumVisualStudioVersion = 10.0.40219.1
Project("{8BC9CEB8-8B4A-11D0-8D11-00A0C91BC942}") = "Lab1-1", "Lab1-1.vcxproj", "{2794B29C-752D-4B5D-93CB-E58196B1674B}"
EndProject
Project("{8BC9CEB8-8B4A-11D0-8D11-00A0C91BC942}") = "Lab1-2", "..\Lab1-2\Lab1-2.vcxproj", "{FAE83F21-D8E9-4123-BD98-E4C9431DCCF1}"
EndProject
Project("{8BC9CEB8-8B4A-11D0-8D11-00A0C91BC942}") = "Lab1-3", "..\Lab1-3\Lab1-3.vcxproj", "{62343791-F77D-4D91-9EDB-0E5210474429}"
EndProject
Project("{8BC9CEB8-8B4A-11D0-8D11-00A0C91BC942}") = "Lab1-4", "..\Lab1-4\Lab1-4.vcxproj", "{AD2B8E6D-3FA8-43CD-9878-DCF64373A52C}"
EndProject
Project("{8BC9CEB8-8B4A-11D0-8D11-00A0C91BC942}") = "Lab1-5", "..\Lab1-5\Lab1-5.vcxproj", "{D9F93281-0CCC-40E3-90A6-E451A584C241}"
EndProject
Project("{8BC9CEB8-8B4A-11D0-8D11-00A0C91BC942}") = "Lab1-6", "..\Lab1-6\Lab1-6.vcxproj", "{A885BAE7-B0D2-4958-A2EC-E8D1DEF51DFB}"
EndProject
Global
	GlobalSection(SolutionConfigurationPlatforms) = preSolution
		Debug|x64 = Debug|x64
		Debug|x86 = Debug|x86
		Release|x64 = Release|x64
		Release|x86 = Release|x86
	EndGlobalSection
	GlobalSection(ProjectConfigurationPlatforms) = postSolution
		{2794B29C-752D-4B5D-93CB-E58196B1674B}.Debug|x64.ActiveCfg = Debug|x64
		{2794B29C-752D-4B5D-93CB-E58196B1674B}.Debug|x64.Build.0 = Debug|x64
		{2794B29C-752D-4B5D-93CB-E58196B1674B}.Debug|x86.ActiveCfg = Debug|Win32
		{2794B29C-752D-4B5D-93CB-E58196B1674B}.Debug|x86.Build.0 = Debug|Win32
		{2794B29C-752D-4B5D-93CB-E58196B1674B}.Release|x64.ActiveCfg = Release|x64
		{2794B29C-752D-4B5D-93CB-E58196B1674B}.Release|x64.Build.0 = Release|x64
		{2794B29C-752D-4B5D-93CB-E58196B1674B}.Release|x86.ActiveCfg = Release|Win32
		{2794B29C-752D-4B5D-93CB-E58196B1674B}.Release|x86.Build.0 = Release|Win32
		{FAE83F21-D8E9-4123-BD98-E4C9431DCCF1}.Debug|x64.ActiveCfg = Debug|x64
		{FAE83F21-D8E9-4123-BD98-E4C9431DCCF1}.Debug|x64.Build.0 = Debug|x64
		{FAE83F21-D8E9-4123-BD98-E4C9431DCCF1}.Debug|x86.ActiveCfg = Debug|Win32
		{FAE83F21-D8E9-4123-BD98-E4C9431DCCF1}.Debug|x86.Build.0 = Debug|Win32
		{FAE83F21-D8E9-4123-BD98-E4C9431DCCF1}.Release|x64.ActiveCfg = Release|x64
		{FAE83F21-D8E9-4123-BD98-E4C9431DCCF1}.Release|x64.Build.0 = Release|x64
		{FAE83F21-D8E9-4123-BD98-E4C9431DCCF1}.Release|x86.ActiveCfg = Release|Win32
		{FAE83F21-D8E9-4123-BD98-E4C9431DCCF1}.Release|x86.Build.0 = Release|Win32
		{62343791-F77D-4D91-9EDB-0E5210474429}.Debug|x64.ActiveCfg = Debug|x64
		{62343791-F77D-4D91-9EDB-0E5210474429}.Debug|x64.Build.0 = Debug|x64
		{62343791-F77D-4D91-9EDB-0E5210474429}.Debug|x86.ActiveCfg = Debug|Win32
		{62343791-F77D-4D91-9EDB-0E5210474429}.Debug|x86.Build.0 = Debug|Win32
		{62343791-F77D-4D91-9EDB-0E5210474429}.Release|x64.ActiveCfg = Release|x64
		{62343791-F77D-4D91-9EDB-0E5210474429}.Release|x64.Build.0 = Release|x64
		{62343791-F77D-4D91-9EDB-0E5210474429}.Release|x86.ActiveCfg = Release|Win32
		{62343791-F77D-4D91-9EDB-0E5210474429}.Release|x86.Build.0 = Release|Win32
		{AD2B8E6D-3FA8-43CD-9878-DCF64373A52C}.Debug|x64.ActiveCfg = Debug|x64
		{AD2B8E6D-3FA8-43CD-9878-DCF64373A52C}.Debug|x64.Build.0 = Debug|x64
		{AD2B8E6D-3FA8-43CD-9878-DCF64373A52C}.Debug|x86.ActiveCfg = Debug|Win32
		{AD2B8E6D-3FA8-43CD-9878-DCF64373A52C}.Debug|x86.Build.0 = Debug|Win32
		{AD2B8E6D-3FA8-43CD-9878-DCF64373A52C}.Release|x64.ActiveCfg = Release|x64
		{AD2B8E6D-3FA8-43CD-9878-DCF64373A52C}.Release|x64.Build.0 = Release|x64
		{AD2B8E6D-3FA8-43CD-9878-DCF64373A52C}.Release|x86.ActiveCfg = Release|Win32
		{AD2B8E6D-3FA8-43CD-9878-DCF64373A52C}.Release|x86.Build.0 = Release|Win32
		{D9F93281-0CCC-40E3-90A6-E451A584C241}.Debug|x64.ActiveCfg = Debug|x64
		{D9F93281-0CCC-40E3-90A6-E451A584C241}.Debug|x64.Build.0 = Debug|x64
		{D9F93281-0CCC-40E3-90A6-E451A584C241}.Debug|x86.ActiveCfg = Debug|Win32
		{D9F93281-0CCC-40E3-90A6-E451A584C241}.Debug|x86.Build.0 = Debug|Win32
		{D9F93281-0CCC-40E3-90A6-E451A584C241}.Release|x64.ActiveCfg = Release|x64
		{D9F93281-0CCC-40E3-90A6-E451A584C241}.Release|x64.Build.0 = Release|x64
		{D9F93281-0CCC-40E3-90A6-E451A584C241}.Release|x86.ActiveCfg = Release|Win32
		{D9F93281-0CCC-40E3-90A6-E451A584C241}.Release|x86.Build.0 = Release|Win32
		{A885BAE7-B0D2-4958-A2EC-E8D1DEF51DFB}.Debug|x64.ActiveCfg = Debug|x64
		{A885BAE7-B0D2-4958-A2EC-E8D1DEF51DFB}.Debug|x64.Build.0 = Debug|x64
		{A885BAE7-B0D2-4958-A2EC-E8D1DEF51DFB}.Debug|x86.ActiveCfg = Debug|Win32
		{A885BAE7-B0D2-4958-A2EC-E8D1DEF51DFB}.Debug|x86.Build.0 = Debug|Win32
		{A885BAE7-B0D2-4958-A2EC-E8D1DEF51DFB}.Release|x64.ActiveCfg = Release|x64
		{A885BAE7-B0D2-4958-A2EC-E8D1DEF51DFB}.Release|x64.Build.0 = Release|x64
		{A885BAE7-B0D2-4958-A2EC-E8D1DEF51DFB}.Release|x86.ActiveCfg = Release|Win32
		{A885BAE7-B0D2-4958-A2EC-E8D1DEF51DFB}.Release|x86.Build.0 = Release|Win32
	EndGlobalSection
	GlobalSection(SolutionProperties) = preSolution
		HideSolutionNode = FALSE
	EndGlobalSection
	GlobalSection(ExtensibilityGlobals) = postSolution
		SolutionGuid = {9A7CF058-C3A7-4495-96F2-9CA444890915}
	EndGlobalSection
EndGlobal
