
Microsoft Visual Studio Solution File, Format Version 12.00
# Visual Studio Version 16
VisualStudioVersion = 16.0.31624.102
MinimumVisualStudioVersion = 10.0.40219.1
Project("{8BC9CEB8-8B4A-11D0-8D11-00A0C91BC942}") = "Lab10-a", "Lab10-a.vcxproj", "{9DA8A056-C47B-4850-A56E-2F6BA07DE85B}"
EndProject
Project("{8BC9CEB8-8B4A-11D0-8D11-00A0C91BC942}") = "Lab10-b", "..\Lab10-b\Lab10-b.vcxproj", "{B945D19C-C3DC-442B-8FB4-940D143C449F}"
EndProject
Project("{8BC9CEB8-8B4A-11D0-8D11-00A0C91BC942}") = "Lab10-c", "..\Lab10-c\Lab10-c.vcxproj", "{F6FDF44E-9249-45C6-8AF8-A62DAB994F1F}"
EndProject
Project("{8BC9CEB8-8B4A-11D0-8D11-00A0C91BC942}") = "Lab10-d", "..\Lab10-d\Lab10-d.vcxproj", "{8A44366E-A368-448C-9482-A7B79ACCB4B6}"
EndProject
Global
	GlobalSection(SolutionConfigurationPlatforms) = preSolution
		Debug|x64 = Debug|x64
		Debug|x86 = Debug|x86
		Release|x64 = Release|x64
		Release|x86 = Release|x86
	EndGlobalSection
	GlobalSection(ProjectConfigurationPlatforms) = postSolution
		{9DA8A056-C47B-4850-A56E-2F6BA07DE85B}.Debug|x64.ActiveCfg = Debug|x64
		{9DA8A056-C47B-4850-A56E-2F6BA07DE85B}.Debug|x64.Build.0 = Debug|x64
		{9DA8A056-C47B-4850-A56E-2F6BA07DE85B}.Debug|x86.ActiveCfg = Debug|Win32
		{9DA8A056-C47B-4850-A56E-2F6BA07DE85B}.Debug|x86.Build.0 = Debug|Win32
		{9DA8A056-C47B-4850-A56E-2F6BA07DE85B}.Release|x64.ActiveCfg = Release|x64
		{9DA8A056-C47B-4850-A56E-2F6BA07DE85B}.Release|x64.Build.0 = Release|x64
		{9DA8A056-C47B-4850-A56E-2F6BA07DE85B}.Release|x86.ActiveCfg = Release|Win32
		{9DA8A056-C47B-4850-A56E-2F6BA07DE85B}.Release|x86.Build.0 = Release|Win32
		{B945D19C-C3DC-442B-8FB4-940D143C449F}.Debug|x64.ActiveCfg = Debug|x64
		{B945D19C-C3DC-442B-8FB4-940D143C449F}.Debug|x64.Build.0 = Debug|x64
		{B945D19C-C3DC-442B-8FB4-940D143C449F}.Debug|x86.ActiveCfg = Debug|Win32
		{B945D19C-C3DC-442B-8FB4-940D143C449F}.Debug|x86.Build.0 = Debug|Win32
		{B945D19C-C3DC-442B-8FB4-940D143C449F}.Release|x64.ActiveCfg = Release|x64
		{B945D19C-C3DC-442B-8FB4-940D143C449F}.Release|x64.Build.0 = Release|x64
		{B945D19C-C3DC-442B-8FB4-940D143C449F}.Release|x86.ActiveCfg = Release|Win32
		{B945D19C-C3DC-442B-8FB4-940D143C449F}.Release|x86.Build.0 = Release|Win32
		{F6FDF44E-9249-45C6-8AF8-A62DAB994F1F}.Debug|x64.ActiveCfg = Debug|x64
		{F6FDF44E-9249-45C6-8AF8-A62DAB994F1F}.Debug|x64.Build.0 = Debug|x64
		{F6FDF44E-9249-45C6-8AF8-A62DAB994F1F}.Debug|x86.ActiveCfg = Debug|Win32
		{F6FDF44E-9249-45C6-8AF8-A62DAB994F1F}.Debug|x86.Build.0 = Debug|Win32
		{F6FDF44E-9249-45C6-8AF8-A62DAB994F1F}.Release|x64.ActiveCfg = Release|x64
		{F6FDF44E-9249-45C6-8AF8-A62DAB994F1F}.Release|x64.Build.0 = Release|x64
		{F6FDF44E-9249-45C6-8AF8-A62DAB994F1F}.Release|x86.ActiveCfg = Release|Win32
		{F6FDF44E-9249-45C6-8AF8-A62DAB994F1F}.Release|x86.Build.0 = Release|Win32
		{8A44366E-A368-448C-9482-A7B79ACCB4B6}.Debug|x64.ActiveCfg = Debug|x64
		{8A44366E-A368-448C-9482-A7B79ACCB4B6}.Debug|x64.Build.0 = Debug|x64
		{8A44366E-A368-448C-9482-A7B79ACCB4B6}.Debug|x86.ActiveCfg = Debug|Win32
		{8A44366E-A368-448C-9482-A7B79ACCB4B6}.Debug|x86.Build.0 = Debug|Win32
		{8A44366E-A368-448C-9482-A7B79ACCB4B6}.Release|x64.ActiveCfg = Release|x64
		{8A44366E-A368-448C-9482-A7B79ACCB4B6}.Release|x64.Build.0 = Release|x64
		{8A44366E-A368-448C-9482-A7B79ACCB4B6}.Release|x86.ActiveCfg = Release|Win32
		{8A44366E-A368-448C-9482-A7B79ACCB4B6}.Release|x86.Build.0 = Release|Win32
	EndGlobalSection
	GlobalSection(SolutionProperties) = preSolution
		HideSolutionNode = FALSE
	EndGlobalSection
	GlobalSection(ExtensibilityGlobals) = postSolution
		SolutionGuid = {CA15EA67-7068-4F6F-9E10-917C506A3F66}
	EndGlobalSection
EndGlobal
