
Microsoft Visual Studio Solution File, Format Version 12.00
# Visual Studio Version 16
VisualStudioVersion = 16.0.31624.102
MinimumVisualStudioVersion = 10.0.40219.1
Project("{8BC9CEB8-8B4A-11D0-8D11-00A0C91BC942}") = "Lab3", "Lab3.vcxproj", "{405B63ED-7CE0-4282-AF7B-34320BB1F889}"
EndProject
Project("{8BC9CEB8-8B4A-11D0-8D11-00A0C91BC942}") = "Lab3-a", "..\Lab3-a\Lab3-a.vcxproj", "{C5BCE729-AC4A-43C1-8609-F754552A527C}"
EndProject
Project("{8BC9CEB8-8B4A-11D0-8D11-00A0C91BC942}") = "Lab3-b", "..\Lab3-b\Lab3-b.vcxproj", "{511EE61B-6F90-45BE-9EE7-D42FC07057A5}"
EndProject
Global
	GlobalSection(SolutionConfigurationPlatforms) = preSolution
		Debug|x64 = Debug|x64
		Debug|x86 = Debug|x86
		Release|x64 = Release|x64
		Release|x86 = Release|x86
	EndGlobalSection
	GlobalSection(ProjectConfigurationPlatforms) = postSolution
		{405B63ED-7CE0-4282-AF7B-34320BB1F889}.Debug|x64.ActiveCfg = Debug|x64
		{405B63ED-7CE0-4282-AF7B-34320BB1F889}.Debug|x64.Build.0 = Debug|x64
		{405B63ED-7CE0-4282-AF7B-34320BB1F889}.Debug|x86.ActiveCfg = Debug|Win32
		{405B63ED-7CE0-4282-AF7B-34320BB1F889}.Debug|x86.Build.0 = Debug|Win32
		{405B63ED-7CE0-4282-AF7B-34320BB1F889}.Release|x64.ActiveCfg = Release|x64
		{405B63ED-7CE0-4282-AF7B-34320BB1F889}.Release|x64.Build.0 = Release|x64
		{405B63ED-7CE0-4282-AF7B-34320BB1F889}.Release|x86.ActiveCfg = Release|Win32
		{405B63ED-7CE0-4282-AF7B-34320BB1F889}.Release|x86.Build.0 = Release|Win32
		{C5BCE729-AC4A-43C1-8609-F754552A527C}.Debug|x64.ActiveCfg = Debug|x64
		{C5BCE729-AC4A-43C1-8609-F754552A527C}.Debug|x64.Build.0 = Debug|x64
		{C5BCE729-AC4A-43C1-8609-F754552A527C}.Debug|x86.ActiveCfg = Debug|Win32
		{C5BCE729-AC4A-43C1-8609-F754552A527C}.Debug|x86.Build.0 = Debug|Win32
		{C5BCE729-AC4A-43C1-8609-F754552A527C}.Release|x64.ActiveCfg = Release|x64
		{C5BCE729-AC4A-43C1-8609-F754552A527C}.Release|x64.Build.0 = Release|x64
		{C5BCE729-AC4A-43C1-8609-F754552A527C}.Release|x86.ActiveCfg = Release|Win32
		{C5BCE729-AC4A-43C1-8609-F754552A527C}.Release|x86.Build.0 = Release|Win32
		{511EE61B-6F90-45BE-9EE7-D42FC07057A5}.Debug|x64.ActiveCfg = Debug|x64
		{511EE61B-6F90-45BE-9EE7-D42FC07057A5}.Debug|x64.Build.0 = Debug|x64
		{511EE61B-6F90-45BE-9EE7-D42FC07057A5}.Debug|x86.ActiveCfg = Debug|Win32
		{511EE61B-6F90-45BE-9EE7-D42FC07057A5}.Debug|x86.Build.0 = Debug|Win32
		{511EE61B-6F90-45BE-9EE7-D42FC07057A5}.Release|x64.ActiveCfg = Release|x64
		{511EE61B-6F90-45BE-9EE7-D42FC07057A5}.Release|x64.Build.0 = Release|x64
		{511EE61B-6F90-45BE-9EE7-D42FC07057A5}.Release|x86.ActiveCfg = Release|Win32
		{511EE61B-6F90-45BE-9EE7-D42FC07057A5}.Release|x86.Build.0 = Release|Win32
	EndGlobalSection
	GlobalSection(SolutionProperties) = preSolution
		HideSolutionNode = FALSE
	EndGlobalSection
	GlobalSection(ExtensibilityGlobals) = postSolution
		SolutionGuid = {44245A09-F483-485F-A0AD-4CF652B111E1}
	EndGlobalSection
EndGlobal
