
Microsoft Visual Studio Solution File, Format Version 12.00
# Visual Studio Version 16
VisualStudioVersion = 16.0.31624.102
MinimumVisualStudioVersion = 10.0.40219.1
Project("{8BC9CEB8-8B4A-11D0-8D11-00A0C91BC942}") = "Lab5", "Lab5.vcxproj", "{75F1E81C-689F-46FD-8139-CA3D76A0AF5C}"
EndProject
Project("{8BC9CEB8-8B4A-11D0-8D11-00A0C91BC942}") = "lab5-a", "..\lab5-a\lab5-a.vcxproj", "{82545D42-0AE0-422B-A9C3-DD5F7FFC218E}"
EndProject
Project("{8BC9CEB8-8B4A-11D0-8D11-00A0C91BC942}") = "lab5-b", "..\lab5-b\lab5-b.vcxproj", "{A78BEF18-95C4-4228-B7E7-FF086059A14F}"
EndProject
Global
	GlobalSection(SolutionConfigurationPlatforms) = preSolution
		Debug|x64 = Debug|x64
		Debug|x86 = Debug|x86
		Release|x64 = Release|x64
		Release|x86 = Release|x86
	EndGlobalSection
	GlobalSection(ProjectConfigurationPlatforms) = postSolution
		{75F1E81C-689F-46FD-8139-CA3D76A0AF5C}.Debug|x64.ActiveCfg = Debug|x64
		{75F1E81C-689F-46FD-8139-CA3D76A0AF5C}.Debug|x64.Build.0 = Debug|x64
		{75F1E81C-689F-46FD-8139-CA3D76A0AF5C}.Debug|x86.ActiveCfg = Debug|Win32
		{75F1E81C-689F-46FD-8139-CA3D76A0AF5C}.Debug|x86.Build.0 = Debug|Win32
		{75F1E81C-689F-46FD-8139-CA3D76A0AF5C}.Release|x64.ActiveCfg = Release|x64
		{75F1E81C-689F-46FD-8139-CA3D76A0AF5C}.Release|x64.Build.0 = Release|x64
		{75F1E81C-689F-46FD-8139-CA3D76A0AF5C}.Release|x86.ActiveCfg = Release|Win32
		{75F1E81C-689F-46FD-8139-CA3D76A0AF5C}.Release|x86.Build.0 = Release|Win32
		{82545D42-0AE0-422B-A9C3-DD5F7FFC218E}.Debug|x64.ActiveCfg = Debug|x64
		{82545D42-0AE0-422B-A9C3-DD5F7FFC218E}.Debug|x64.Build.0 = Debug|x64
		{82545D42-0AE0-422B-A9C3-DD5F7FFC218E}.Debug|x86.ActiveCfg = Debug|Win32
		{82545D42-0AE0-422B-A9C3-DD5F7FFC218E}.Debug|x86.Build.0 = Debug|Win32
		{82545D42-0AE0-422B-A9C3-DD5F7FFC218E}.Release|x64.ActiveCfg = Release|x64
		{82545D42-0AE0-422B-A9C3-DD5F7FFC218E}.Release|x64.Build.0 = Release|x64
		{82545D42-0AE0-422B-A9C3-DD5F7FFC218E}.Release|x86.ActiveCfg = Release|Win32
		{82545D42-0AE0-422B-A9C3-DD5F7FFC218E}.Release|x86.Build.0 = Release|Win32
		{A78BEF18-95C4-4228-B7E7-FF086059A14F}.Debug|x64.ActiveCfg = Debug|x64
		{A78BEF18-95C4-4228-B7E7-FF086059A14F}.Debug|x64.Build.0 = Debug|x64
		{A78BEF18-95C4-4228-B7E7-FF086059A14F}.Debug|x86.ActiveCfg = Debug|Win32
		{A78BEF18-95C4-4228-B7E7-FF086059A14F}.Debug|x86.Build.0 = Debug|Win32
		{A78BEF18-95C4-4228-B7E7-FF086059A14F}.Release|x64.ActiveCfg = Release|x64
		{A78BEF18-95C4-4228-B7E7-FF086059A14F}.Release|x64.Build.0 = Release|x64
		{A78BEF18-95C4-4228-B7E7-FF086059A14F}.Release|x86.ActiveCfg = Release|Win32
		{A78BEF18-95C4-4228-B7E7-FF086059A14F}.Release|x86.Build.0 = Release|Win32
	EndGlobalSection
	GlobalSection(SolutionProperties) = preSolution
		HideSolutionNode = FALSE
	EndGlobalSection
	GlobalSection(ExtensibilityGlobals) = postSolution
		SolutionGuid = {5193D8D1-6639-4DE2-8B5D-A4E73B8EB095}
	EndGlobalSection
EndGlobal
